// !$*UTF8*$!
{
	archiveVersion = 1;
	classes = {
	};
	objectVersion = 56;
	objects = {

/* Begin PBXBuildFile section */
		B21936432977B727008F871A /* MapKitStudyApp.swift in Sources */ = {isa = PBXBuildFile; fileRef = B21936422977B727008F871A /* MapKitStudyApp.swift */; };
		B21936452977B727008F871A /* ContentView.swift in Sources */ = {isa = PBXBuildFile; fileRef = B21936442977B727008F871A /* ContentView.swift */; };
		B21936472977B728008F871A /* Assets.xcassets in Resources */ = {isa = PBXBuildFile; fileRef = B21936462977B728008F871A /* Assets.xcassets */; };
		B219364A2977B728008F871A /* Preview Assets.xcassets in Resources */ = {isa = PBXBuildFile; fileRef = B21936492977B728008F871A /* Preview Assets.xcassets */; };
		B21936512977B767008F871A /* MapView.swift in Sources */ = {isa = PBXBuildFile; fileRef = B21936502977B767008F871A /* MapView.swift */; };
		B219365E2977DDFD008F871A /* LocationManager.swift in Sources */ = {isa = PBXBuildFile; fileRef = B219365D2977DDFD008F871A /* LocationManager.swift */; };
		B21936602977E372008F871A /* IdenfiablePlace.swift in Sources */ = {isa = PBXBuildFile; fileRef = B219365F2977E372008F871A /* IdenfiablePlace.swift */; };
		B21936622977E3C6008F871A /* PinAnnotationMapView.swift in Sources */ = {isa = PBXBuildFile; fileRef = B21936612977E3C6008F871A /* PinAnnotationMapView.swift */; };
		B21936672977E4BF008F871A /* ModelData.swift in Sources */ = {isa = PBXBuildFile; fileRef = B21936662977E4BF008F871A /* ModelData.swift */; };
		B219366E2977E59B008F871A /* cafeData.json in Resources */ = {isa = PBXBuildFile; fileRef = B219366D2977E59B008F871A /* cafeData.json */; };
		B21936702977E5CB008F871A /* Cafe.swift in Sources */ = {isa = PBXBuildFile; fileRef = B219366F2977E5CB008F871A /* Cafe.swift */; };
		B21936722978085C008F871A /* PinAnnotationNavigationMapView.swift in Sources */ = {isa = PBXBuildFile; fileRef = B21936712978085C008F871A /* PinAnnotationNavigationMapView.swift */; };
		B2193674297809E8008F871A /* CafeDetail.swift in Sources */ = {isa = PBXBuildFile; fileRef = B2193673297809E8008F871A /* CafeDetail.swift */; };
/* End PBXBuildFile section */

/* Begin PBXFileReference section */
		B219363F2977B727008F871A /* MapKitStudy.app */ = {isa = PBXFileReference; explicitFileType = wrapper.application; includeInIndex = 0; path = MapKitStudy.app; sourceTree = BUILT_PRODUCTS_DIR; };
		B21936422977B727008F871A /* MapKitStudyApp.swift */ = {isa = PBXFileReference; lastKnownFileType = sourcecode.swift; path = MapKitStudyApp.swift; sourceTree = "<group>"; };
		B21936442977B727008F871A /* ContentView.swift */ = {isa = PBXFileReference; lastKnownFileType = sourcecode.swift; path = ContentView.swift; sourceTree = "<group>"; };
		B21936462977B728008F871A /* Assets.xcassets */ = {isa = PBXFileReference; lastKnownFileType = folder.assetcatalog; path = Assets.xcassets; sourceTree = "<group>"; };
		B21936492977B728008F871A /* Preview Assets.xcassets */ = {isa = PBXFileReference; lastKnownFileType = folder.assetcatalog; path = "Preview Assets.xcassets"; sourceTree = "<group>"; };
		B21936502977B767008F871A /* MapView.swift */ = {isa = PBXFileReference; lastKnownFileType = sourcecode.swift; path = MapView.swift; sourceTree = "<group>"; };
		B219365C2977DD0A008F871A /* Info.plist */ = {isa = PBXFileReference; lastKnownFileType = text.plist; path = Info.plist; sourceTree = "<group>"; };
		B219365D2977DDFD008F871A /* LocationManager.swift */ = {isa = PBXFileReference; lastKnownFileType = sourcecode.swift; path = LocationManager.swift; sourceTree = "<group>"; };
		B219365F2977E372008F871A /* IdenfiablePlace.swift */ = {isa = PBXFileReference; lastKnownFileType = sourcecode.swift; path = IdenfiablePlace.swift; sourceTree = "<group>"; };
		B21936612977E3C6008F871A /* PinAnnotationMapView.swift */ = {isa = PBXFileReference; lastKnownFileType = sourcecode.swift; path = PinAnnotationMapView.swift; sourceTree = "<group>"; };
		B21936662977E4BF008F871A /* ModelData.swift */ = {isa = PBXFileReference; lastKnownFileType = sourcecode.swift; path = ModelData.swift; sourceTree = "<group>"; };
		B219366D2977E59B008F871A /* cafeData.json */ = {isa = PBXFileReference; fileEncoding = 4; lastKnownFileType = text.json; path = cafeData.json; sourceTree = "<group>"; };
		B219366F2977E5CB008F871A /* Cafe.swift */ = {isa = PBXFileReference; lastKnownFileType = sourcecode.swift; path = Cafe.swift; sourceTree = "<group>"; };
		B21936712978085C008F871A /* PinAnnotationNavigationMapView.swift */ = {isa = PBXFileReference; lastKnownFileType = sourcecode.swift; path = PinAnnotationNavigationMapView.swift; sourceTree = "<group>"; };
		B2193673297809E8008F871A /* CafeDetail.swift */ = {isa = PBXFileReference; lastKnownFileType = sourcecode.swift; path = CafeDetail.swift; sourceTree = "<group>"; };
/* End PBXFileReference section */

/* Begin PBXFrameworksBuildPhase section */
		B219363C2977B727008F871A /* Frameworks */ = {
			isa = PBXFrameworksBuildPhase;
			buildActionMask = 2147483647;
			files = (
			);
			runOnlyForDeploymentPostprocessing = 0;
		};
/* End PBXFrameworksBuildPhase section */

/* Begin PBXGroup section */
		B21936362977B727008F871A = {
			isa = PBXGroup;
			children = (
				B21936412977B727008F871A /* MapKitStudy */,
				B21936402977B727008F871A /* Products */,
			);
			sourceTree = "<group>";
		};
		B21936402977B727008F871A /* Products */ = {
			isa = PBXGroup;
			children = (
				B219363F2977B727008F871A /* MapKitStudy.app */,
			);
			name = Products;
			sourceTree = "<group>";
		};
		B21936412977B727008F871A /* MapKitStudy */ = {
			isa = PBXGroup;
			children = (
				B21936682977E4E7008F871A /* Resources */,
				B219365C2977DD0A008F871A /* Info.plist */,
				B21936422977B727008F871A /* MapKitStudyApp.swift */,
				B21936652977E3DE008F871A /* View */,
				B21936462977B728008F871A /* Assets.xcassets */,
				B21936482977B728008F871A /* Preview Content */,
				B21936642977E3D3008F871A /* Model */,
			);
			path = MapKitStudy;
			sourceTree = "<group>";
		};
		B21936482977B728008F871A /* Preview Content */ = {
			isa = PBXGroup;
			children = (
				B21936492977B728008F871A /* Preview Assets.xcassets */,
			);
			path = "Preview Content";
			sourceTree = "<group>";
		};
		B21936642977E3D3008F871A /* Model */ = {
			isa = PBXGroup;
			children = (
				B219365D2977DDFD008F871A /* LocationManager.swift */,
				B219365F2977E372008F871A /* IdenfiablePlace.swift */,
				B21936662977E4BF008F871A /* ModelData.swift */,
				B219366F2977E5CB008F871A /* Cafe.swift */,
			);
			path = Model;
			sourceTree = "<group>";
		};
		B21936652977E3DE008F871A /* View */ = {
			isa = PBXGroup;
			children = (
				B21936442977B727008F871A /* ContentView.swift */,
				B21936502977B767008F871A /* MapView.swift */,
				B21936612977E3C6008F871A /* PinAnnotationMapView.swift */,
				B21936712978085C008F871A /* PinAnnotationNavigationMapView.swift */,
				B2193673297809E8008F871A /* CafeDetail.swift */,
			);
			path = View;
			sourceTree = "<group>";
		};
		B21936682977E4E7008F871A /* Resources */ = {
			isa = PBXGroup;
			children = (
				B219366D2977E59B008F871A /* cafeData.json */,
			);
			path = Resources;
			sourceTree = "<group>";
		};
/* End PBXGroup section */

/* Begin PBXNativeTarget section */
		B219363E2977B727008F871A /* MapKitStudy */ = {
			isa = PBXNativeTarget;
			buildConfigurationList = B219364D2977B728008F871A /* Build configuration list for PBXNativeTarget "MapKitStudy" */;
			buildPhases = (
				B219363B2977B727008F871A /* Sources */,
				B219363C2977B727008F871A /* Frameworks */,
				B219363D2977B727008F871A /* Resources */,
			);
			buildRules = (
			);
			dependencies = (
			);
			name = MapKitStudy;
			productName = MapKitStudy;
			productReference = B219363F2977B727008F871A /* MapKitStudy.app */;
			productType = "com.apple.product-type.application";
		};
/* End PBXNativeTarget section */

/* Begin PBXProject section */
		B21936372977B727008F871A /* Project object */ = {
			isa = PBXProject;
			attributes = {
				BuildIndependentTargetsInParallel = 1;
				LastSwiftUpdateCheck = 1420;
				LastUpgradeCheck = 1420;
				TargetAttributes = {
					B219363E2977B727008F871A = {
						CreatedOnToolsVersion = 14.2;
					};
				};
			};
			buildConfigurationList = B219363A2977B727008F871A /* Build configuration list for PBXProject "MapKitStudy" */;
			compatibilityVersion = "Xcode 14.0";
			developmentRegion = en;
			hasScannedForEncodings = 0;
			knownRegions = (
				en,
				Base,
			);
			mainGroup = B21936362977B727008F871A;
			productRefGroup = B21936402977B727008F871A /* Products */;
			projectDirPath = "";
			projectRoot = "";
			targets = (
				B219363E2977B727008F871A /* MapKitStudy */,
			);
		};
/* End PBXProject section */

/* Begin PBXResourcesBuildPhase section */
		B219363D2977B727008F871A /* Resources */ = {
			isa = PBXResourcesBuildPhase;
			buildActionMask = 2147483647;
			files = (
				B219364A2977B728008F871A /* Preview Assets.xcassets in Resources */,
				B219366E2977E59B008F871A /* cafeData.json in Resources */,
				B21936472977B728008F871A /* Assets.xcassets in Resources */,
			);
			runOnlyForDeploymentPostprocessing = 0;
		};
/* End PBXResourcesBuildPhase section */

/* Begin PBXSourcesBuildPhase section */
		B219363B2977B727008F871A /* Sources */ = {
			isa = PBXSourcesBuildPhase;
			buildActionMask = 2147483647;
			files = (
				B21936722978085C008F871A /* PinAnnotationNavigationMapView.swift in Sources */,
				B21936452977B727008F871A /* ContentView.swift in Sources */,
				B219365E2977DDFD008F871A /* LocationManager.swift in Sources */,
				B21936622977E3C6008F871A /* PinAnnotationMapView.swift in Sources */,
				B21936602977E372008F871A /* IdenfiablePlace.swift in Sources */,
				B2193674297809E8008F871A /* CafeDetail.swift in Sources */,
				B21936702977E5CB008F871A /* Cafe.swift in Sources */,
				B21936512977B767008F871A /* MapView.swift in Sources */,
				B21936432977B727008F871A /* MapKitStudyApp.swift in Sources */,
				B21936672977E4BF008F871A /* ModelData.swift in Sources */,
			);
			runOnlyForDeploymentPostprocessing = 0;
		};
/* End PBXSourcesBuildPhase section */

/* Begin XCBuildConfiguration section */
		B219364B2977B728008F871A /* Debug */ = {
			isa = XCBuildConfiguration;
			buildSettings = {
				ALWAYS_SEARCH_USER_PATHS = NO;
				CLANG_ANALYZER_NONNULL = YES;
				CLANG_ANALYZER_NUMBER_OBJECT_CONVERSION = YES_AGGRESSIVE;
				CLANG_CXX_LANGUAGE_STANDARD = "gnu++20";
				CLANG_ENABLE_MODULES = YES;
				CLANG_ENABLE_OBJC_ARC = YES;
				CLANG_ENABLE_OBJC_WEAK = YES;
				CLANG_WARN_BLOCK_CAPTURE_AUTORELEASING = YES;
				CLANG_WARN_BOOL_CONVERSION = YES;
				CLANG_WARN_COMMA = YES;
				CLANG_WARN_CONSTANT_CONVERSION = YES;
				CLANG_WARN_DEPRECATED_OBJC_IMPLEMENTATIONS = YES;
				CLANG_WARN_DIRECT_OBJC_ISA_USAGE = YES_ERROR;
				CLANG_WARN_DOCUMENTATION_COMMENTS = YES;
				CLANG_WARN_EMPTY_BODY = YES;
				CLANG_WARN_ENUM_CONVERSION = YES;
				CLANG_WARN_INFINITE_RECURSION = YES;
				CLANG_WARN_INT_CONVERSION = YES;
				CLANG_WARN_NON_LITERAL_NULL_CONVERSION = YES;
				CLANG_WARN_OBJC_IMPLICIT_RETAIN_SELF = YES;
				CLANG_WARN_OBJC_LITERAL_CONVERSION = YES;
				CLANG_WARN_OBJC_ROOT_CLASS = YES_ERROR;
				CLANG_WARN_QUOTED_INCLUDE_IN_FRAMEWORK_HEADER = YES;
				CLANG_WARN_RANGE_LOOP_ANALYSIS = YES;
				CLANG_WARN_STRICT_PROTOTYPES = YES;
				CLANG_WARN_SUSPICIOUS_MOVE = YES;
				CLANG_WARN_UNGUARDED_AVAILABILITY = YES_AGGRESSIVE;
				CLANG_WARN_UNREACHABLE_CODE = YES;
				CLANG_WARN__DUPLICATE_METHOD_MATCH = YES;
				COPY_PHASE_STRIP = NO;
				DEBUG_INFORMATION_FORMAT = dwarf;
				ENABLE_STRICT_OBJC_MSGSEND = YES;
				ENABLE_TESTABILITY = YES;
				GCC_C_LANGUAGE_STANDARD = gnu11;
				GCC_DYNAMIC_NO_PIC = NO;
				GCC_NO_COMMON_BLOCKS = YES;
				GCC_OPTIMIZATION_LEVEL = 0;
				GCC_PREPROCESSOR_DEFINITIONS = (
					"DEBUG=1",
					"$(inherited)",
				);
				GCC_WARN_64_TO_32_BIT_CONVERSION = YES;
				GCC_WARN_ABOUT_RETURN_TYPE = YES_ERROR;
				GCC_WARN_UNDECLARED_SELECTOR = YES;
				GCC_WARN_UNINITIALIZED_AUTOS = YES_AGGRESSIVE;
				GCC_WARN_UNUSED_FUNCTION = YES;
				GCC_WARN_UNUSED_VARIABLE = YES;
				IPHONEOS_DEPLOYMENT_TARGET = 16.2;
				MTL_ENABLE_DEBUG_INFO = INCLUDE_SOURCE;
				MTL_FAST_MATH = YES;
				ONLY_ACTIVE_ARCH = YES;
				SDKROOT = iphoneos;
				SWIFT_ACTIVE_COMPILATION_CONDITIONS = DEBUG;
				SWIFT_OPTIMIZATION_LEVEL = "-Onone";
			};
			name = Debug;
		};
		B219364C2977B728008F871A /* Release */ = {
			isa = XCBuildConfiguration;
			buildSettings = {
				ALWAYS_SEARCH_USER_PATHS = NO;
				CLANG_ANALYZER_NONNULL = YES;
				CLANG_ANALYZER_NUMBER_OBJECT_CONVERSION = YES_AGGRESSIVE;
				CLANG_CXX_LANGUAGE_STANDARD = "gnu++20";
				CLANG_ENABLE_MODULES = YES;
				CLANG_ENABLE_OBJC_ARC = YES;
				CLANG_ENABLE_OBJC_WEAK = YES;
				CLANG_WARN_BLOCK_CAPTURE_AUTORELEASING = YES;
				CLANG_WARN_BOOL_CONVERSION = YES;
				CLANG_WARN_COMMA = YES;
				CLANG_WARN_CONSTANT_CONVERSION = YES;
				CLANG_WARN_DEPRECATED_OBJC_IMPLEMENTATIONS = YES;
				CLANG_WARN_DIRECT_OBJC_ISA_USAGE = YES_ERROR;
				CLANG_WARN_DOCUMENTATION_COMMENTS = YES;
				CLANG_WARN_EMPTY_BODY = YES;
				CLANG_WARN_ENUM_CONVERSION = YES;
				CLANG_WARN_INFINITE_RECURSION = YES;
				CLANG_WARN_INT_CONVERSION = YES;
				CLANG_WARN_NON_LITERAL_NULL_CONVERSION = YES;
				CLANG_WARN_OBJC_IMPLICIT_RETAIN_SELF = YES;
				CLANG_WARN_OBJC_LITERAL_CONVERSION = YES;
				CLANG_WARN_OBJC_ROOT_CLASS = YES_ERROR;
				CLANG_WARN_QUOTED_INCLUDE_IN_FRAMEWORK_HEADER = YES;
				CLANG_WARN_RANGE_LOOP_ANALYSIS = YES;
				CLANG_WARN_STRICT_PROTOTYPES = YES;
				CLANG_WARN_SUSPICIOUS_MOVE = YES;
				CLANG_WARN_UNGUARDED_AVAILABILITY = YES_AGGRESSIVE;
				CLANG_WARN_UNREACHABLE_CODE = YES;
				CLANG_WARN__DUPLICATE_METHOD_MATCH = YES;
				COPY_PHASE_STRIP = NO;
				DEBUG_INFORMATION_FORMAT = "dwarf-with-dsym";
				ENABLE_NS_ASSERTIONS = NO;
				ENABLE_STRICT_OBJC_MSGSEND = YES;
				GCC_C_LANGUAGE_STANDARD = gnu11;
				GCC_NO_COMMON_BLOCKS = YES;
				GCC_WARN_64_TO_32_BIT_CONVERSION = YES;
				GCC_WARN_ABOUT_RETURN_TYPE = YES_ERROR;
				GCC_WARN_UNDECLARED_SELECTOR = YES;
				GCC_WARN_UNINITIALIZED_AUTOS = YES_AGGRESSIVE;
				GCC_WARN_UNUSED_FUNCTION = YES;
				GCC_WARN_UNUSED_VARIABLE = YES;
				IPHONEOS_DEPLOYMENT_TARGET = 16.2;
				MTL_ENABLE_DEBUG_INFO = NO;
				MTL_FAST_MATH = YES;
				SDKROOT = iphoneos;
				SWIFT_COMPILATION_MODE = wholemodule;
				SWIFT_OPTIMIZATION_LEVEL = "-O";
				VALIDATE_PRODUCT = YES;
			};
			name = Release;
		};
		B219364E2977B728008F871A /* Debug */ = {
			isa = XCBuildConfiguration;
			buildSettings = {
				ASSETCATALOG_COMPILER_APPICON_NAME = AppIcon;
				ASSETCATALOG_COMPILER_GLOBAL_ACCENT_COLOR_NAME = AccentColor;
				CODE_SIGN_STYLE = Automatic;
				CURRENT_PROJECT_VERSION = 1;
				DEVELOPMENT_ASSET_PATHS = "\"MapKitStudy/Preview Content\"";
				DEVELOPMENT_TEAM = 6BHXWP5PYW;
				ENABLE_PREVIEWS = YES;
				GENERATE_INFOPLIST_FILE = YES;
				INFOPLIST_FILE = MapKitStudy/Info.plist;
				INFOPLIST_KEY_NSLocationWhenInUseUsageDescription = "";
				INFOPLIST_KEY_UIApplicationSceneManifest_Generation = YES;
				INFOPLIST_KEY_UIApplicationSupportsIndirectInputEvents = YES;
				INFOPLIST_KEY_UILaunchScreen_Generation = YES;
				INFOPLIST_KEY_UISupportedInterfaceOrientations_iPad = "UIInterfaceOrientationPortrait UIInterfaceOrientationPortraitUpsideDown UIInterfaceOrientationLandscapeLeft UIInterfaceOrientationLandscapeRight";
				INFOPLIST_KEY_UISupportedInterfaceOrientations_iPhone = "UIInterfaceOrientationPortrait UIInterfaceOrientationLandscapeLeft UIInterfaceOrientationLandscapeRight";
				LD_RUNPATH_SEARCH_PATHS = (
					"$(inherited)",
					"@executable_path/Frameworks",
				);
				MARKETING_VERSION = 1.0;
				PRODUCT_BUNDLE_IDENTIFIER = com.seikim.study.MapKitStudy;
				PRODUCT_NAME = "$(TARGET_NAME)";
				SWIFT_EMIT_LOC_STRINGS = YES;
				SWIFT_VERSION = 5.0;
				TARGETED_DEVICE_FAMILY = "1,2";
			};
			name = Debug;
		};
		B219364F2977B728008F871A /* Release */ = {
			isa = XCBuildConfiguration;
			buildSettings = {
				ASSETCATALOG_COMPILER_APPICON_NAME = AppIcon;
				ASSETCATALOG_COMPILER_GLOBAL_ACCENT_COLOR_NAME = AccentColor;
				CODE_SIGN_STYLE = Automatic;
				CURRENT_PROJECT_VERSION = 1;
				DEVELOPMENT_ASSET_PATHS = "\"MapKitStudy/Preview Content\"";
				DEVELOPMENT_TEAM = 6BHXWP5PYW;
				ENABLE_PREVIEWS = YES;
				GENERATE_INFOPLIST_FILE = YES;
				INFOPLIST_FILE = MapKitStudy/Info.plist;
				INFOPLIST_KEY_NSLocationWhenInUseUsageDescription = "";
				INFOPLIST_KEY_UIApplicationSceneManifest_Generation = YES;
				INFOPLIST_KEY_UIApplicationSupportsIndirectInputEvents = YES;
				INFOPLIST_KEY_UILaunchScreen_Generation = YES;
				INFOPLIST_KEY_UISupportedInterfaceOrientations_iPad = "UIInterfaceOrientationPortrait UIInterfaceOrientationPortraitUpsideDown UIInterfaceOrientationLandscapeLeft UIInterfaceOrientationLandscapeRight";
				INFOPLIST_KEY_UISupportedInterfaceOrientations_iPhone = "UIInterfaceOrientationPortrait UIInterfaceOrientationLandscapeLeft UIInterfaceOrientationLandscapeRight";
				LD_RUNPATH_SEARCH_PATHS = (
					"$(inherited)",
					"@executable_path/Frameworks",
				);
				MARKETING_VERSION = 1.0;
				PRODUCT_BUNDLE_IDENTIFIER = com.seikim.study.MapKitStudy;
				PRODUCT_NAME = "$(TARGET_NAME)";
				SWIFT_EMIT_LOC_STRINGS = YES;
				SWIFT_VERSION = 5.0;
				TARGETED_DEVICE_FAMILY = "1,2";
			};
			name = Release;
		};
/* End XCBuildConfiguration section */

/* Begin XCConfigurationList section */
		B219363A2977B727008F871A /* Build configuration list for PBXProject "MapKitStudy" */ = {
			isa = XCConfigurationList;
			buildConfigurations = (
				B219364B2977B728008F871A /* Debug */,
				B219364C2977B728008F871A /* Release */,
			);
			defaultConfigurationIsVisible = 0;
			defaultConfigurationName = Release;
		};
		B219364D2977B728008F871A /* Build configuration list for PBXNativeTarget "MapKitStudy" */ = {
			isa = XCConfigurationList;
			buildConfigurations = (
				B219364E2977B728008F871A /* Debug */,
				B219364F2977B728008F871A /* Release */,
			);
			defaultConfigurationIsVisible = 0;
			defaultConfigurationName = Release;
		};
/* End XCConfigurationList section */
	};
	rootObject = B21936372977B727008F871A /* Project object */;
}
